<?xml version="1.0" encoding="utf-8"?>
<Project ToolsVersion="4.0" xmlns="http://schemas.microsoft.com/developer/msbuild/2003">
  <ItemGroup>
    <Filter Include="Source">
      <UniqueIdentifier>{be0e0d12-b349-485c-9485-185b89c23120}</UniqueIdentifier>
    </Filter>
    <Filter Include="Source\Core">
      <UniqueIdentifier>{e29525e4-fcc9-43b9-9378-c11837d97f57}</UniqueIdentifier>
    </Filter>
    <Filter Include="Source\Utils">
      <UniqueIdentifier>{90c3a6ad-a31c-4212-9651-3c3ec575b9c4}</UniqueIdentifier>
    </Filter>
  </ItemGroup>
  <ItemGroup>
    <ClCompile Include="..\..\..\..\Source\Core\Engine.cpp">
      <Filter>Source\Core</Filter>
    </ClCompile>
    <ClCompile Include="..\..\..\..\Source\Core\Application.cpp">
      <Filter>Source\Core</Filter>
    </ClCompile>
    <ClCompile Include="..\..\..\..\Source\Core\GraphicContext.cpp">
      <Filter>Source\Core</Filter>
    </ClCompile>
    <ClCompile Include="..\..\..\..\Source\Core\Window.cpp">
      <Filter>Source\Core</Filter>
    </ClCompile>
    <ClCompile Include="..\..\..\..\Source\Core\Input.cpp">
      <Filter>Source\Core</Filter>
    </ClCompile>
    <ClCompile Include="..\..\..\..\Source\Utils\Log.cpp">
      <Filter>Source\Utils</Filter>
    </ClCompile>
    <ClCompile Include="..\..\..\..\Source\Utils\Time.cpp">
      <Filter>Source\Utils</Filter>
    </ClCompile>
  </ItemGroup>
  <ItemGroup>
    <ClInclude Include="..\..\..\..\Source\Core\Engine.h">
      <Filter>Source\Core</Filter>
    </ClInclude>
    <ClInclude Include="..\..\..\..\Source\Core\Application.h">
      <Filter>Source\Core</Filter>
    </ClInclude>
    <ClInclude Include="..\..\..\..\Source\Core\GraphicContext.h">
      <Filter>Source\Core</Filter>
    </ClInclude>
    <ClInclude Include="..\..\..\..\Source\Core\Window.h">
      <Filter>Source\Core</Filter>
    </ClInclude>
    <ClInclude Include="..\..\..\..\Source\Core\Input.h">
      <Filter>Source\Core</Filter>
    </ClInclude>
    <ClInclude Include="..\..\..\..\Source\Utils\Assert.h">
      <Filter>Source\Utils</Filter>
    </ClInclude>
    <ClInclude Include="..\..\..\..\Source\Utils\Log.h">
      <Filter>Source\Utils</Filter>
    </ClInclude>
    <ClInclude Include="..\..\..\..\Source\Utils\Time.h">
      <Filter>Source\Utils</Filter>
    </ClInclude>
  </ItemGroup>
</Project>