<?xml version="1.0" encoding="utf-8"?>
<Project ToolsVersion="4.0" xmlns="http://schemas.microsoft.com/developer/msbuild/2003">
  <ItemGroup>
    <Filter Include="Source">
      <UniqueIdentifier>{be0e0d12-b349-485c-9485-185b89c23120}</UniqueIdentifier>
    </Filter>
    <Filter Include="Source\Core">
      <UniqueIdentifier>{e29525e4-fcc9-43b9-9378-c11837d97f57}</UniqueIdentifier>
    </Filter>
    <Filter Include="Source\Utils">
      <UniqueIdentifier>{90c3a6ad-a31c-4212-9651-3c3ec575b9c4}</UniqueIdentifier>
    </Filter>
    <Filter Include="Source\Renderer">
      <UniqueIdentifier>{7b731671-461c-4017-a7d1-ee7e978604be}</UniqueIdentifier>
    </Filter>
    <Filter Include="Source\Math">
      <UniqueIdentifier>{e13e8bd7-a0c3-4492-83ba-7db4beca1dac}</UniqueIdentifier>
    </Filter>
    <Filter Include="Source\Physics">
      <UniqueIdentifier>{cf2540c9-289f-4361-b611-2348dfdb24df}</UniqueIdentifier>
    </Filter>
    <Filter Include="Source\Audio">
      <UniqueIdentifier>{34601c67-6da9-4fcd-ac93-fcab2168a1d6}</UniqueIdentifier>
    </Filter>
    <Filter Include="Source\Platform">
      <UniqueIdentifier>{a65bd1f7-6ed8-4b10-a140-0ab920957332}</UniqueIdentifier>
    </Filter>
    <Filter Include="Source\Platform\Windows">
      <UniqueIdentifier>{9c24c523-acc7-4aaa-ad63-c1e278145b04}</UniqueIdentifier>
    </Filter>
  </ItemGroup>
  <ItemGroup>
    <ClCompile Include="..\..\..\..\Source\Core\Application.cpp">
      <Filter>Source\Core</Filter>
    </ClCompile>
    <ClCompile Include="..\..\..\..\Source\Core\Input.cpp">
      <Filter>Source\Core</Filter>
    </ClCompile>
    <ClCompile Include="..\..\..\..\Source\Utils\Log.cpp">
      <Filter>Source\Utils</Filter>
    </ClCompile>
    <ClCompile Include="..\..\..\..\Source\Renderer\Shader.cpp">
      <Filter>Source\Renderer</Filter>
    </ClCompile>
    <ClCompile Include="..\..\..\..\Source\Renderer\Texture.cpp">
      <Filter>Source\Renderer</Filter>
    </ClCompile>
    <ClCompile Include="..\..\..\..\Source\Utils\ResourceManager.cpp">
      <Filter>Source\Utils</Filter>
    </ClCompile>
    <ClCompile Include="..\..\..\..\Source\Utils\stb_image.cpp">
      <Filter>Source\Utils</Filter>
    </ClCompile>
    <ClCompile Include="..\..\..\..\Source\Math\Vector2.cpp">
      <Filter>Source\Math</Filter>
    </ClCompile>
    <ClCompile Include="..\..\..\..\Source\Math\Vector3.cpp">
      <Filter>Source\Math</Filter>
    </ClCompile>
    <ClCompile Include="..\..\..\..\Source\Math\Matrix4.cpp">
      <Filter>Source\Math</Filter>
    </ClCompile>
    <ClCompile Include="..\..\..\..\Source\Renderer\SpriteRenderer.cpp">
      <Filter>Source\Renderer</Filter>
    </ClCompile>
    <ClCompile Include="..\..\..\..\Source\Utils\File.cpp">
      <Filter>Source\Utils</Filter>
    </ClCompile>
    <ClCompile Include="..\..\..\..\Source\Physics\SandboxPhysics.cpp">
      <Filter>Source\Physics</Filter>
    </ClCompile>
    <ClCompile Include="..\..\..\..\Source\Audio\SoundManager.cpp">
      <Filter>Source\Audio</Filter>
    </ClCompile>
    <ClCompile Include="..\..\..\..\Source\Core\Engine.cpp">
      <Filter>Source\Core</Filter>
    </ClCompile>
    <ClCompile Include="..\..\..\..\Source\Renderer\TextRenderer.cpp">
      <Filter>Source\Renderer</Filter>
    </ClCompile>
    <ClCompile Include="..\..\..\..\Source\Renderer\Renderer.cpp">
      <Filter>Source\Renderer</Filter>
    </ClCompile>
    <ClCompile Include="..\..\..\..\Source\Platform\Windows\WindowsLaunch.cpp">
      <Filter>Source\Platform\Windows</Filter>
    </ClCompile>
    <ClCompile Include="..\..\..\..\Source\Platform\Windows\WindowsGraphicContext.cpp">
      <Filter>Source\Platform\Windows</Filter>
    </ClCompile>
    <ClCompile Include="..\..\..\..\Source\Platform\Windows\WindowsTime.cpp">
      <Filter>Source\Platform\Windows</Filter>
    </ClCompile>
    <ClCompile Include="..\..\..\..\Source\Platform\Windows\WindowsInput.cpp">
      <Filter>Source\Platform\Windows</Filter>
    </ClCompile>
  </ItemGroup>
  <ItemGroup>
    <ClInclude Include="..\..\..\..\Source\Core\Engine.h">
      <Filter>Source\Core</Filter>
    </ClInclude>
    <ClInclude Include="..\..\..\..\Source\Core\Application.h">
      <Filter>Source\Core</Filter>
    </ClInclude>
    <ClInclude Include="..\..\..\..\Source\Core\Input.h">
      <Filter>Source\Core</Filter>
    </ClInclude>
    <ClInclude Include="..\..\..\..\Source\Utils\Assert.h">
      <Filter>Source\Utils</Filter>
    </ClInclude>
    <ClInclude Include="..\..\..\..\Source\Utils\Log.h">
      <Filter>Source\Utils</Filter>
    </ClInclude>
    <ClInclude Include="..\..\..\..\Source\Utils\Time.h">
      <Filter>Source\Utils</Filter>
    </ClInclude>
    <ClInclude Include="..\..\..\..\Source\Renderer\Shader.h">
      <Filter>Source\Renderer</Filter>
    </ClInclude>
    <ClInclude Include="..\..\..\..\Source\Renderer\Texture.h">
      <Filter>Source\Renderer</Filter>
    </ClInclude>
    <ClInclude Include="..\..\..\..\Source\Utils\ResourceManager.h">
      <Filter>Source\Utils</Filter>
    </ClInclude>
    <ClInclude Include="..\..\..\..\Source\Math\Math.h">
      <Filter>Source\Math</Filter>
    </ClInclude>
    <ClInclude Include="..\..\..\..\Source\Math\Vector3.h">
      <Filter>Source\Math</Filter>
    </ClInclude>
    <ClInclude Include="..\..\..\..\Source\Math\Vector2.h">
      <Filter>Source\Math</Filter>
    </ClInclude>
    <ClInclude Include="..\..\..\..\Source\Math\Utils.h">
      <Filter>Source\Math</Filter>
    </ClInclude>
    <ClInclude Include="..\..\..\..\Source\Math\Matrix4.h">
      <Filter>Source\Math</Filter>
    </ClInclude>
    <ClInclude Include="..\..\..\..\Source\Renderer\SpriteRenderer.h">
      <Filter>Source\Renderer</Filter>
    </ClInclude>
    <ClInclude Include="..\..\..\..\Source\Utils\File.h">
      <Filter>Source\Utils</Filter>
    </ClInclude>
    <ClInclude Include="..\..\..\..\Source\Renderer\CompiledShaders.h">
      <Filter>Source\Renderer</Filter>
    </ClInclude>
    <ClInclude Include="..\..\..\..\Source\Physics\SandboxPhysics.h">
      <Filter>Source\Physics</Filter>
    </ClInclude>
    <ClInclude Include="..\..\..\..\Source\Audio\SoundManager.h">
      <Filter>Source\Audio</Filter>
    </ClInclude>
    <ClInclude Include="..\..\..\..\Source\Renderer\TextRenderer.h">
      <Filter>Source\Renderer</Filter>
    </ClInclude>
    <ClInclude Include="..\..\..\..\Source\Renderer\Renderer.h">
      <Filter>Source\Renderer</Filter>
    </ClInclude>
    <ClInclude Include="..\..\..\..\Source\Renderer\IGraphicContext.h">
      <Filter>Source\Renderer</Filter>
    </ClInclude>
    <ClInclude Include="..\..\..\..\Source\Platform\Windows\WindowsGraphicContext.h">
      <Filter>Source\Platform\Windows</Filter>
    </ClInclude>
    <ClInclude Include="..\..\..\..\Source\Engine.h">
      <Filter>Source</Filter>
    </ClInclude>
  </ItemGroup>
</Project>