<?xml version="1.0" encoding="utf-8"?>
<Project ToolsVersion="4.0" xmlns="http://schemas.microsoft.com/developer/msbuild/2003">
  <ItemGroup>
    <Filter Include="Include">
      <UniqueIdentifier>{2e075d24-2001-4ce9-993c-bf6ff30f84de}</UniqueIdentifier>
    </Filter>
    <Filter Include="Src">
      <UniqueIdentifier>{be0e0d12-b349-485c-9485-185b89c23120}</UniqueIdentifier>
    </Filter>
    <Filter Include="Include\Audio">
      <UniqueIdentifier>{4a0c8bb9-0767-47d2-b3e6-5c1bad2a12b7}</UniqueIdentifier>
    </Filter>
    <Filter Include="Include\Core">
      <UniqueIdentifier>{c2ad3472-b789-4217-8377-e29a667c2b6f}</UniqueIdentifier>
    </Filter>
    <Filter Include="Include\Math">
      <UniqueIdentifier>{89093463-08c3-4b2a-b1f8-80c8000159e4}</UniqueIdentifier>
    </Filter>
    <Filter Include="Include\Physics">
      <UniqueIdentifier>{cc2eaaba-20ae-4872-ad2a-4bc847002d22}</UniqueIdentifier>
    </Filter>
    <Filter Include="Include\Renderer">
      <UniqueIdentifier>{2dd295c9-7b83-4d06-a6ba-82aee14bf5a2}</UniqueIdentifier>
    </Filter>
    <Filter Include="Include\Utils">
      <UniqueIdentifier>{2d78085c-e1aa-400a-a377-a8f5bf9caac0}</UniqueIdentifier>
    </Filter>
    <Filter Include="Src\Audio">
      <UniqueIdentifier>{6f8f1293-8119-422a-8d95-e6d156212d5c}</UniqueIdentifier>
    </Filter>
    <Filter Include="Src\Core">
      <UniqueIdentifier>{a772ac81-dd6a-4cf4-80d3-3435fe4ae8d7}</UniqueIdentifier>
    </Filter>
    <Filter Include="Src\Math">
      <UniqueIdentifier>{f9239914-8ef1-4bff-9c7b-ec3631644a43}</UniqueIdentifier>
    </Filter>
    <Filter Include="Src\Utils">
      <UniqueIdentifier>{ec68c70e-babc-4492-826d-0f1d705131cb}</UniqueIdentifier>
    </Filter>
    <Filter Include="Src\Renderer">
      <UniqueIdentifier>{e101c766-6416-41a1-839b-f9cc1723b62e}</UniqueIdentifier>
    </Filter>
    <Filter Include="Src\Physics">
      <UniqueIdentifier>{28eca8e2-0984-4cbd-b7e1-7ebe12a50d28}</UniqueIdentifier>
    </Filter>
    <Filter Include="Src\Platform">
      <UniqueIdentifier>{325d23a7-9b0c-4ae6-862f-8232f7ab7982}</UniqueIdentifier>
    </Filter>
    <Filter Include="Src\Platform\Windows">
      <UniqueIdentifier>{bc6d89a8-ded1-4c92-916d-97369ce5225b}</UniqueIdentifier>
    </Filter>
    <Filter Include="Include\Graphics">
      <UniqueIdentifier>{375cdc45-7bd4-42a6-99c1-33b06f847eea}</UniqueIdentifier>
    </Filter>
    <Filter Include="Src\Graphics">
      <UniqueIdentifier>{71a862b7-b969-4529-918c-8f7091bb2320}</UniqueIdentifier>
    </Filter>
    <Filter Include="Include\Components">
      <UniqueIdentifier>{1e53a260-b279-4460-98f5-4ec6be22bad2}</UniqueIdentifier>
    </Filter>
    <Filter Include="Src\Components">
      <UniqueIdentifier>{e9f95d92-b5dd-49f0-9217-f8cebfc2530f}</UniqueIdentifier>
    </Filter>
    <Filter Include="Include\Entities">
      <UniqueIdentifier>{f1434623-353e-410e-9146-81ad03890b3f}</UniqueIdentifier>
    </Filter>
    <Filter Include="Src\Entities">
      <UniqueIdentifier>{0b7fbe18-63b6-4772-b3f1-c582898f8c7d}</UniqueIdentifier>
    </Filter>
  </ItemGroup>
  <ItemGroup>
    <ClInclude Include="..\..\..\..\include\Engine\Audio\SoundManager.h">
      <Filter>Include\Audio</Filter>
    </ClInclude>
    <ClInclude Include="..\..\..\..\include\Engine\Core\Application.h">
      <Filter>Include\Core</Filter>
    </ClInclude>
    <ClInclude Include="..\..\..\..\include\Engine\Core\Engine.h">
      <Filter>Include\Core</Filter>
    </ClInclude>
    <ClInclude Include="..\..\..\..\include\Engine\Core\Input.h">
      <Filter>Include\Core</Filter>
    </ClInclude>
    <ClInclude Include="..\..\..\..\include\Engine\Math\Math.h">
      <Filter>Include\Math</Filter>
    </ClInclude>
    <ClInclude Include="..\..\..\..\include\Engine\Math\Matrix4.h">
      <Filter>Include\Math</Filter>
    </ClInclude>
    <ClInclude Include="..\..\..\..\include\Engine\Math\Utils.h">
      <Filter>Include\Math</Filter>
    </ClInclude>
    <ClInclude Include="..\..\..\..\include\Engine\Math\Vector2.h">
      <Filter>Include\Math</Filter>
    </ClInclude>
    <ClInclude Include="..\..\..\..\include\Engine\Math\Vector3.h">
      <Filter>Include\Math</Filter>
    </ClInclude>
    <ClInclude Include="..\..\..\..\include\Engine\Utils\Assert.h">
      <Filter>Include\Utils</Filter>
    </ClInclude>
    <ClInclude Include="..\..\..\..\include\Engine\Utils\File.h">
      <Filter>Include\Utils</Filter>
    </ClInclude>
    <ClInclude Include="..\..\..\..\include\Engine\Utils\Log.h">
      <Filter>Include\Utils</Filter>
    </ClInclude>
    <ClInclude Include="..\..\..\..\include\Engine\Utils\ResourceManager.h">
      <Filter>Include\Utils</Filter>
    </ClInclude>
    <ClInclude Include="..\..\..\..\include\Engine\Utils\Time.h">
      <Filter>Include\Utils</Filter>
    </ClInclude>
    <ClInclude Include="..\..\..\..\include\Engine\Renderer\IGraphicContext.h">
      <Filter>Include\Renderer</Filter>
    </ClInclude>
    <ClInclude Include="..\..\..\..\include\Engine\Renderer\Renderer.h">
      <Filter>Include\Renderer</Filter>
    </ClInclude>
    <ClInclude Include="..\..\..\..\include\Engine\Physics\SandboxPhysics.h">
      <Filter>Include\Physics</Filter>
    </ClInclude>
    <ClInclude Include="..\..\..\..\include\Engine\Engine.h">
      <Filter>Include</Filter>
    </ClInclude>
    <ClInclude Include="..\..\..\..\include\Engine\EngineMacros.h">
      <Filter>Include</Filter>
    </ClInclude>
    <ClInclude Include="..\..\..\..\src\Engine\Platform\Windows\WindowsGraphicContext.h">
      <Filter>Src\Platform\Windows</Filter>
    </ClInclude>
    <ClInclude Include="..\..\..\..\src\Engine\Renderer\CompiledShaders.h">
      <Filter>Src\Renderer</Filter>
    </ClInclude>
    <ClInclude Include="..\..\..\..\include\Engine\Utils\Stopwatch.h">
      <Filter>Include\Utils</Filter>
    </ClInclude>
    <ClInclude Include="..\..\..\..\include\Engine\Graphics\Shader.h">
      <Filter>Include\Graphics</Filter>
    </ClInclude>
    <ClInclude Include="..\..\..\..\include\Engine\Graphics\Texture.h">
      <Filter>Include\Graphics</Filter>
    </ClInclude>
    <ClInclude Include="..\..\..\..\src\Engine\Renderer\TextRenderer.h">
      <Filter>Src\Renderer</Filter>
    </ClInclude>
    <ClInclude Include="..\..\..\..\src\Engine\Renderer\SpriteRenderer.h">
      <Filter>Src\Renderer</Filter>
    </ClInclude>
    <ClInclude Include="..\..\..\..\src\Engine\Renderer\IGraphicBackend.h">
      <Filter>Src\Renderer</Filter>
    </ClInclude>
    <ClInclude Include="..\..\..\..\src\Engine\Platform\Windows\WindowsOpenGLContext.h">
      <Filter>Src\Platform\Windows</Filter>
    </ClInclude>
    <ClInclude Include="..\..\..\..\include\Engine\Core\Scene.h">
      <Filter>Include\Core</Filter>
    </ClInclude>
    <ClInclude Include="..\..\..\..\include\Engine\Core\Component.h">
      <Filter>Include\Core</Filter>
    </ClInclude>
    <ClInclude Include="..\..\..\..\include\Engine\Core\Entity.h">
      <Filter>Include\Core</Filter>
    </ClInclude>
    <ClInclude Include="..\..\..\..\include\Engine\Core\BaseApplication.h">
      <Filter>Include\Core</Filter>
    </ClInclude>
    <ClInclude Include="..\..\..\..\include\Engine\Core\Transform.h">
      <Filter>Include\Core</Filter>
    </ClInclude>
    <ClInclude Include="..\..\..\..\include\Engine\Components\SceneComponent.h">
      <Filter>Include\Components</Filter>
    </ClInclude>
    <ClInclude Include="..\..\..\..\include\Engine\Components\CameraComponent.h">
      <Filter>Include\Components</Filter>
    </ClInclude>
    <ClInclude Include="..\..\..\..\include\Engine\Entities\CameraEntity.h">
      <Filter>Include\Entities</Filter>
    </ClInclude>
    <ClInclude Include="..\..\..\..\include\Engine\Renderer\Camera.h">
      <Filter>Include\Renderer</Filter>
    </ClInclude>
    <ClInclude Include="..\..\..\..\include\Engine\Graphics\VertexBuffer.h">
      <Filter>Include\Graphics</Filter>
    </ClInclude>
    <ClInclude Include="..\..\..\..\include\Engine\Graphics\IndexBuffer.h">
      <Filter>Include\Graphics</Filter>
    </ClInclude>
    <ClInclude Include="..\..\..\..\include\Engine\Graphics\VertexArray.h">
      <Filter>Include\Graphics</Filter>
    </ClInclude>
    <ClInclude Include="..\..\..\..\include\Engine\Graphics\VertexBufferLayout.h">
      <Filter>Include\Graphics</Filter>
    </ClInclude>
  </ItemGroup>
  <ItemGroup>
    <ClCompile Include="..\..\..\..\src\Engine\Audio\SoundManager.cpp">
      <Filter>Src\Audio</Filter>
    </ClCompile>
    <ClCompile Include="..\..\..\..\src\Engine\Core\Application.cpp">
      <Filter>Src\Core</Filter>
    </ClCompile>
    <ClCompile Include="..\..\..\..\src\Engine\Core\Engine.cpp">
      <Filter>Src\Core</Filter>
    </ClCompile>
    <ClCompile Include="..\..\..\..\src\Engine\Core\Input.cpp">
      <Filter>Src\Core</Filter>
    </ClCompile>
    <ClCompile Include="..\..\..\..\src\Engine\Math\Matrix4.cpp">
      <Filter>Src\Math</Filter>
    </ClCompile>
    <ClCompile Include="..\..\..\..\src\Engine\Math\Vector2.cpp">
      <Filter>Src\Math</Filter>
    </ClCompile>
    <ClCompile Include="..\..\..\..\src\Engine\Math\Vector3.cpp">
      <Filter>Src\Math</Filter>
    </ClCompile>
    <ClCompile Include="..\..\..\..\src\Engine\Platform\Windows\WindowsFile.cpp">
      <Filter>Src\Platform\Windows</Filter>
    </ClCompile>
    <ClCompile Include="..\..\..\..\src\Engine\Platform\Windows\WindowsGraphicContext.cpp">
      <Filter>Src\Platform\Windows</Filter>
    </ClCompile>
    <ClCompile Include="..\..\..\..\src\Engine\Platform\Windows\WindowsInput.cpp">
      <Filter>Src\Platform\Windows</Filter>
    </ClCompile>
    <ClCompile Include="..\..\..\..\src\Engine\Platform\Windows\WindowsLog.cpp">
      <Filter>Src\Platform\Windows</Filter>
    </ClCompile>
    <ClCompile Include="..\..\..\..\src\Engine\Platform\Windows\WindowsTime.cpp">
      <Filter>Src\Platform\Windows</Filter>
    </ClCompile>
    <ClCompile Include="..\..\..\..\src\Engine\Physics\SandboxPhysics.cpp">
      <Filter>Src\Physics</Filter>
    </ClCompile>
    <ClCompile Include="..\..\..\..\src\Engine\Renderer\Renderer.cpp">
      <Filter>Src\Renderer</Filter>
    </ClCompile>
    <ClCompile Include="..\..\..\..\src\Engine\Renderer\SpriteRenderer.cpp">
      <Filter>Src\Renderer</Filter>
    </ClCompile>
    <ClCompile Include="..\..\..\..\src\Engine\Renderer\TextRenderer.cpp">
      <Filter>Src\Renderer</Filter>
    </ClCompile>
    <ClCompile Include="..\..\..\..\src\Engine\Utils\File.cpp">
      <Filter>Src\Utils</Filter>
    </ClCompile>
    <ClCompile Include="..\..\..\..\src\Engine\Utils\ResourceManager.cpp">
      <Filter>Src\Utils</Filter>
    </ClCompile>
    <ClCompile Include="..\..\..\..\src\Engine\Utils\stb_image.cpp">
      <Filter>Src\Utils</Filter>
    </ClCompile>
    <ClCompile Include="..\..\..\..\src\Engine\Platform\Windows\WindowsMain.cpp">
      <Filter>Src\Platform\Windows</Filter>
    </ClCompile>
    <ClCompile Include="..\..\..\..\src\Engine\Utils\Stopwatch.cpp">
      <Filter>Src\Utils</Filter>
    </ClCompile>
    <ClCompile Include="..\..\..\..\src\Engine\Graphics\Shader.cpp">
      <Filter>Src\Graphics</Filter>
    </ClCompile>
    <ClCompile Include="..\..\..\..\src\Engine\Graphics\Texture.cpp">
      <Filter>Src\Graphics</Filter>
    </ClCompile>
    <ClCompile Include="..\..\..\..\src\Engine\Platform\Windows\WindowsOpenGLContext.cpp">
      <Filter>Src\Platform\Windows</Filter>
    </ClCompile>
    <ClCompile Include="..\..\..\..\src\Engine\Core\BaseApplication.cpp">
      <Filter>Src\Core</Filter>
    </ClCompile>
    <ClCompile Include="..\..\..\..\src\Engine\Core\Scene.cpp">
      <Filter>Src\Core</Filter>
    </ClCompile>
    <ClCompile Include="..\..\..\..\src\Engine\Core\Entity.cpp">
      <Filter>Src\Core</Filter>
    </ClCompile>
    <ClCompile Include="..\..\..\..\src\Engine\Core\Component.cpp">
      <Filter>Src\Core</Filter>
    </ClCompile>
    <ClCompile Include="..\..\..\..\src\Engine\Components\SceneComponent.cpp">
      <Filter>Src\Components</Filter>
    </ClCompile>
    <ClCompile Include="..\..\..\..\src\Engine\Entities\CameraEntity.cpp">
      <Filter>Src\Entities</Filter>
    </ClCompile>
    <ClCompile Include="..\..\..\..\src\Engine\Components\CameraComponent.cpp">
      <Filter>Src\Components</Filter>
    </ClCompile>
    <ClCompile Include="..\..\..\..\src\Engine\Graphics\VertexBuffer.cpp">
      <Filter>Src\Graphics</Filter>
    </ClCompile>
    <ClCompile Include="..\..\..\..\src\Engine\Graphics\IndexBuffer.cpp">
      <Filter>Src\Graphics</Filter>
    </ClCompile>
    <ClCompile Include="..\..\..\..\src\Engine\Graphics\VertexArray.cpp">
      <Filter>Src\Graphics</Filter>
    </ClCompile>
  </ItemGroup>
</Project>